Microsoft Visual Studio Solution File, Format Version 12.00
# Visual Studio 2012
Project("{FAE04EC0-301F-11D3-BF4B-00C04F79EFBC}") = "8bitGame", "8bitGame.csproj", "{ECB529AA-247A-4174-BECF-D881250D931A}"
EndProject
Global
	GlobalSection(SolutionConfigurationPlatforms) = preSolution
	Debug|Any CPU = Debug|Any CPU
	ExportDebug|Any CPU = ExportDebug|Any CPU
	ExportRelease|Any CPU = ExportRelease|Any CPU
	EndGlobalSection
	GlobalSection(ProjectConfigurationPlatforms) = postSolution
		{ECB529AA-247A-4174-BECF-D881250D931A}.Debug|Any CPU.ActiveCfg = Debug|Any CPU
		{ECB529AA-247A-4174-BECF-D881250D931A}.Debug|Any CPU.Build.0 = Debug|Any CPU
		{ECB529AA-247A-4174-BECF-D881250D931A}.ExportDebug|Any CPU.ActiveCfg = ExportDebug|Any CPU
		{ECB529AA-247A-4174-BECF-D881250D931A}.ExportDebug|Any CPU.Build.0 = ExportDebug|Any CPU
		{ECB529AA-247A-4174-BECF-D881250D931A}.ExportRelease|Any CPU.ActiveCfg = ExportRelease|Any CPU
		{ECB529AA-247A-4174-BECF-D881250D931A}.ExportRelease|Any CPU.Build.0 = ExportRelease|Any CPU
	EndGlobalSection
EndGlobal
